
Microsoft Visual Studio Solution File, Format Version 12.00
# Visual Studio Version 17
VisualStudioVersion = 17.7.34031.279
MinimumVisualStudioVersion = 10.0.40219.1
Project("{FAE04EC0-301F-11D3-BF4B-00C04F79EFBC}") = "mysqlconnection", "mysqlconnection\mysqlconnection.csproj", "{175CEC17-7138-4D84-8050-BC9FBBC5E272}"
EndProject
Global
	GlobalSection(SolutionConfigurationPlatforms) = preSolution
		Debug|Any CPU = Debug|Any CPU
		Release|Any CPU = Release|Any CPU
	EndGlobalSection
	GlobalSection(ProjectConfigurationPlatforms) = postSolution
		{175CEC17-7138-4D84-8050-BC9FBBC5E272}.Debug|Any CPU.ActiveCfg = Debug|Any CPU
		{175CEC17-7138-4D84-8050-BC9FBBC5E272}.Debug|Any CPU.Build.0 = Debug|Any CPU
		{175CEC17-7138-4D84-8050-BC9FBBC5E272}.Release|Any CPU.ActiveCfg = Release|Any CPU
		{175CEC17-7138-4D84-8050-BC9FBBC5E272}.Release|Any CPU.Build.0 = Release|Any CPU
	EndGlobalSection
	GlobalSection(SolutionProperties) = preSolution
		HideSolutionNode = FALSE
	EndGlobalSection
	GlobalSection(ExtensibilityGlobals) = postSolution
		SolutionGuid = {B2286715-60C0-49E3-8037-2C535D8E316F}
	EndGlobalSection
EndGlobal
